
Microsoft Visual Studio Solution File, Format Version 12.00
# Visual Studio Version 16
VisualStudioVersion = 16.0.31424.327
MinimumVisualStudioVersion = 10.0.40219.1
Project("{2150E333-8FDC-42A3-9474-1A3956D46DE8}") = "Services", "Services", "{0A3079FD-5893-422F-91AD-EF6CF81CB0F8}"
EndProject
Project("{2150E333-8FDC-42A3-9474-1A3956D46DE8}") = "Identity", "Identity", "{E97A69CC-FC7C-4C3C-9B26-FA7D8EEF7DE7}"
EndProject
Project("{2150E333-8FDC-42A3-9474-1A3956D46DE8}") = "Catalog", "Catalog", "{56963A82-3D2A-415C-9248-E078E1123AA5}"
EndProject
Project("{2150E333-8FDC-42A3-9474-1A3956D46DE8}") = "Customers", "Customers", "{85E7C5CC-482A-4E86-BD33-C2F129B5D0EF}"
EndProject
Project("{2150E333-8FDC-42A3-9474-1A3956D46DE8}") = "Pedido", "Pedido", "{B6B1028B-7BDF-42A6-9043-719960185AC8}"
EndProject
Project("{9A19103F-16F7-4668-BE54-9A1E7A4F7556}") = "ECommerce.Customers.Api", "Services\Customers\ECommerce.Customers.Api\ECommerce.Customers.Api.csproj", "{36999C05-FD8B-4E68-AFEC-D7BE69750E55}"
EndProject
Project("{9A19103F-16F7-4668-BE54-9A1E7A4F7556}") = "ECommerce.Customers.Domain", "Services\Customers\ECommerce.Customers.Domain\ECommerce.Customers.Domain.csproj", "{EC63E746-90E5-4DE0-BB66-601A195C4F2F}"
EndProject
Project("{9A19103F-16F7-4668-BE54-9A1E7A4F7556}") = "ECommerce.Customers.Infrastructure", "Services\Customers\ECommerce.Customers.Infrastructure\ECommerce.Customers.Infrastructure.csproj", "{90A120AC-DE06-44B7-B0FB-25BABA0665D6}"
EndProject
Project("{9A19103F-16F7-4668-BE54-9A1E7A4F7556}") = "ECommerce.Pedido.Api", "Services\Pedido\ECommerce.Pedido.Api\ECommerce.Pedido.Api.csproj", "{BC2AFD52-BEF8-4EA5-94E3-54CC611B05C0}"
EndProject
Project("{9A19103F-16F7-4668-BE54-9A1E7A4F7556}") = "ECommerce.Catalog.Api", "Services\Catalog\ECommerce.Catalog.Api\ECommerce.Catalog.Api.csproj", "{D32398C9-01E9-439A-BFC6-99DCDA75DE62}"
EndProject
Project("{9A19103F-16F7-4668-BE54-9A1E7A4F7556}") = "ECommerce.Catalog.Domain", "Services\Catalog\ECommerce.Catalog.Domain\ECommerce.Catalog.Domain.csproj", "{5BF3074A-8DAF-439D-9F69-8D8318CD6179}"
EndProject
Project("{9A19103F-16F7-4668-BE54-9A1E7A4F7556}") = "ECommerce.Catalog.Infrastructure", "Services\Catalog\ECommerce.Catalog.Infrastructure\ECommerce.Catalog.Infrastructure.csproj", "{F9F7C042-DBED-484C-AF9E-DE7BB355887F}"
EndProject
Project("{2150E333-8FDC-42A3-9474-1A3956D46DE8}") = "Carts", "Carts", "{4E898479-FDD5-4AFC-A600-D1FD032214C2}"
EndProject
Project("{9A19103F-16F7-4668-BE54-9A1E7A4F7556}") = "ECommerce.Carts.Api", "Services\Carts\ECommerce.Carts.Api\ECommerce.Carts.Api.csproj", "{74F96A48-5C2C-4D5B-93A0-DB6BCECAA1AA}"
EndProject
Project("{9A19103F-16F7-4668-BE54-9A1E7A4F7556}") = "ECommerce.Pedido.Domain", "Services\Pedido\ECommerce.Pedido.Domain\ECommerce.Pedido.Domain.csproj", "{5B5EB371-C892-4F0B-81CB-79D057468874}"
EndProject
Project("{9A19103F-16F7-4668-BE54-9A1E7A4F7556}") = "ECommerce.Pedido.Infrastructure", "Services\Pedido\ECommerce.Pedido.Infrastructure\ECommerce.Pedido.Infrastructure.csproj", "{30527CF0-2FB9-4943-9D20-5415B3B62D5E}"
EndProject
Project("{9A19103F-16F7-4668-BE54-9A1E7A4F7556}") = "ECommerce.Identity.Api", "Services\Identity\ECommerce.Identity.Api\ECommerce.Identity.Api.csproj", "{E513BA31-CD43-4DCF-8977-C88D0FF6A05F}"
EndProject
Project("{2150E333-8FDC-42A3-9474-1A3956D46DE8}") = "Tests", "Tests", "{18A1B4F0-EDFB-4258-A7B6-F2533CE4F18A}"
EndProject
Project("{9A19103F-16F7-4668-BE54-9A1E7A4F7556}") = "ECommerce.Carts.Test", "Tests\ECommerce.Carts.Test\ECommerce.Carts.Test.csproj", "{72F3C057-0BA1-49D8-BF01-18BC00B0C0C6}"
EndProject
Project("{9A19103F-16F7-4668-BE54-9A1E7A4F7556}") = "ECommerce.Carts.Domain", "Services\Carts\ECommerce.Carts.Domain\ECommerce.Carts.Domain.csproj", "{8B0B50A8-C455-44EB-BECE-8DAE632C9658}"
EndProject
Project("{9A19103F-16F7-4668-BE54-9A1E7A4F7556}") = "ECommerce.Carts.Infrastructure", "Services\Carts\ECommerce.Carts.Infrastructure\ECommerce.Carts.Infrastructure.csproj", "{21568A18-B655-463D-8EC6-E43B032C930B}"
EndProject
Project("{9A19103F-16F7-4668-BE54-9A1E7A4F7556}") = "ECommerce.Carts.Application", "Services\Carts\ECommerce.Carts.Application\ECommerce.Carts.Application.csproj", "{98A9D317-8C59-4ABB-969C-441683539937}"
EndProject
Project("{9A19103F-16F7-4668-BE54-9A1E7A4F7556}") = "ECommerce.Catalog.Application", "Services\Catalog\ECommerce.Catalog.Application\ECommerce.Catalog.Application.csproj", "{1C046CD7-EB7A-4DD9-9140-47A297DA6DD1}"
EndProject
Project("{9A19103F-16F7-4668-BE54-9A1E7A4F7556}") = "ECommerce.Customers.Application", "Services\Customers\ECommerce.Customers.Application\ECommerce.Customers.Application.csproj", "{46234CC9-BC00-4221-996A-81134C7D0FAD}"
EndProject
Project("{9A19103F-16F7-4668-BE54-9A1E7A4F7556}") = "ECommerce.Pedido.Application", "Services\Pedido\ECommerce.Pedido.Application\ECommerce.Pedido.Application.csproj", "{A0060439-E811-4A50-ADF5-AF7AFC5912EA}"
EndProject
Project("{2150E333-8FDC-42A3-9474-1A3956D46DE8}") = "Gateway", "Gateway", "{A2AF9421-024B-41AB-8617-A0D3552DD817}"
EndProject
Project("{9A19103F-16F7-4668-BE54-9A1E7A4F7556}") = "ECommerce.Gateway.Api", "Gateway\ECommerce.Gateway.Api\ECommerce.Gateway.Api.csproj", "{85D3D628-7DEC-403F-9B56-A1283F45BBBD}"
EndProject
Project("{9A19103F-16F7-4668-BE54-9A1E7A4F7556}") = "ECommerce.Pedido.Test", "Tests\ECommerce.Pedido.Test\ECommerce.Pedido.Test.csproj", "{30B570AD-823A-46FB-AF13-39AEC81B2BB4}"
EndProject
Global
	GlobalSection(SolutionConfigurationPlatforms) = preSolution
		Debug|Any CPU = Debug|Any CPU
		Release|Any CPU = Release|Any CPU
	EndGlobalSection
	GlobalSection(ProjectConfigurationPlatforms) = postSolution
		{36999C05-FD8B-4E68-AFEC-D7BE69750E55}.Debug|Any CPU.ActiveCfg = Debug|Any CPU
		{36999C05-FD8B-4E68-AFEC-D7BE69750E55}.Debug|Any CPU.Build.0 = Debug|Any CPU
		{36999C05-FD8B-4E68-AFEC-D7BE69750E55}.Release|Any CPU.ActiveCfg = Release|Any CPU
		{36999C05-FD8B-4E68-AFEC-D7BE69750E55}.Release|Any CPU.Build.0 = Release|Any CPU
		{EC63E746-90E5-4DE0-BB66-601A195C4F2F}.Debug|Any CPU.ActiveCfg = Debug|Any CPU
		{EC63E746-90E5-4DE0-BB66-601A195C4F2F}.Debug|Any CPU.Build.0 = Debug|Any CPU
		{EC63E746-90E5-4DE0-BB66-601A195C4F2F}.Release|Any CPU.ActiveCfg = Release|Any CPU
		{EC63E746-90E5-4DE0-BB66-601A195C4F2F}.Release|Any CPU.Build.0 = Release|Any CPU
		{90A120AC-DE06-44B7-B0FB-25BABA0665D6}.Debug|Any CPU.ActiveCfg = Debug|Any CPU
		{90A120AC-DE06-44B7-B0FB-25BABA0665D6}.Debug|Any CPU.Build.0 = Debug|Any CPU
		{90A120AC-DE06-44B7-B0FB-25BABA0665D6}.Release|Any CPU.ActiveCfg = Release|Any CPU
		{90A120AC-DE06-44B7-B0FB-25BABA0665D6}.Release|Any CPU.Build.0 = Release|Any CPU
		{BC2AFD52-BEF8-4EA5-94E3-54CC611B05C0}.Debug|Any CPU.ActiveCfg = Debug|Any CPU
		{BC2AFD52-BEF8-4EA5-94E3-54CC611B05C0}.Debug|Any CPU.Build.0 = Debug|Any CPU
		{BC2AFD52-BEF8-4EA5-94E3-54CC611B05C0}.Release|Any CPU.ActiveCfg = Release|Any CPU
		{BC2AFD52-BEF8-4EA5-94E3-54CC611B05C0}.Release|Any CPU.Build.0 = Release|Any CPU
		{D32398C9-01E9-439A-BFC6-99DCDA75DE62}.Debug|Any CPU.ActiveCfg = Debug|Any CPU
		{D32398C9-01E9-439A-BFC6-99DCDA75DE62}.Debug|Any CPU.Build.0 = Debug|Any CPU
		{D32398C9-01E9-439A-BFC6-99DCDA75DE62}.Release|Any CPU.ActiveCfg = Release|Any CPU
		{D32398C9-01E9-439A-BFC6-99DCDA75DE62}.Release|Any CPU.Build.0 = Release|Any CPU
		{5BF3074A-8DAF-439D-9F69-8D8318CD6179}.Debug|Any CPU.ActiveCfg = Debug|Any CPU
		{5BF3074A-8DAF-439D-9F69-8D8318CD6179}.Debug|Any CPU.Build.0 = Debug|Any CPU
		{5BF3074A-8DAF-439D-9F69-8D8318CD6179}.Release|Any CPU.ActiveCfg = Release|Any CPU
		{5BF3074A-8DAF-439D-9F69-8D8318CD6179}.Release|Any CPU.Build.0 = Release|Any CPU
		{F9F7C042-DBED-484C-AF9E-DE7BB355887F}.Debug|Any CPU.ActiveCfg = Debug|Any CPU
		{F9F7C042-DBED-484C-AF9E-DE7BB355887F}.Debug|Any CPU.Build.0 = Debug|Any CPU
		{F9F7C042-DBED-484C-AF9E-DE7BB355887F}.Release|Any CPU.ActiveCfg = Release|Any CPU
		{F9F7C042-DBED-484C-AF9E-DE7BB355887F}.Release|Any CPU.Build.0 = Release|Any CPU
		{74F96A48-5C2C-4D5B-93A0-DB6BCECAA1AA}.Debug|Any CPU.ActiveCfg = Debug|Any CPU
		{74F96A48-5C2C-4D5B-93A0-DB6BCECAA1AA}.Debug|Any CPU.Build.0 = Debug|Any CPU
		{74F96A48-5C2C-4D5B-93A0-DB6BCECAA1AA}.Release|Any CPU.ActiveCfg = Release|Any CPU
		{74F96A48-5C2C-4D5B-93A0-DB6BCECAA1AA}.Release|Any CPU.Build.0 = Release|Any CPU
		{5B5EB371-C892-4F0B-81CB-79D057468874}.Debug|Any CPU.ActiveCfg = Debug|Any CPU
		{5B5EB371-C892-4F0B-81CB-79D057468874}.Debug|Any CPU.Build.0 = Debug|Any CPU
		{5B5EB371-C892-4F0B-81CB-79D057468874}.Release|Any CPU.ActiveCfg = Release|Any CPU
		{5B5EB371-C892-4F0B-81CB-79D057468874}.Release|Any CPU.Build.0 = Release|Any CPU
		{30527CF0-2FB9-4943-9D20-5415B3B62D5E}.Debug|Any CPU.ActiveCfg = Debug|Any CPU
		{30527CF0-2FB9-4943-9D20-5415B3B62D5E}.Debug|Any CPU.Build.0 = Debug|Any CPU
		{30527CF0-2FB9-4943-9D20-5415B3B62D5E}.Release|Any CPU.ActiveCfg = Release|Any CPU
		{30527CF0-2FB9-4943-9D20-5415B3B62D5E}.Release|Any CPU.Build.0 = Release|Any CPU
		{E513BA31-CD43-4DCF-8977-C88D0FF6A05F}.Debug|Any CPU.ActiveCfg = Debug|Any CPU
		{E513BA31-CD43-4DCF-8977-C88D0FF6A05F}.Debug|Any CPU.Build.0 = Debug|Any CPU
		{E513BA31-CD43-4DCF-8977-C88D0FF6A05F}.Release|Any CPU.ActiveCfg = Release|Any CPU
		{E513BA31-CD43-4DCF-8977-C88D0FF6A05F}.Release|Any CPU.Build.0 = Release|Any CPU
		{72F3C057-0BA1-49D8-BF01-18BC00B0C0C6}.Debug|Any CPU.ActiveCfg = Debug|Any CPU
		{72F3C057-0BA1-49D8-BF01-18BC00B0C0C6}.Debug|Any CPU.Build.0 = Debug|Any CPU
		{72F3C057-0BA1-49D8-BF01-18BC00B0C0C6}.Release|Any CPU.ActiveCfg = Release|Any CPU
		{72F3C057-0BA1-49D8-BF01-18BC00B0C0C6}.Release|Any CPU.Build.0 = Release|Any CPU
		{8B0B50A8-C455-44EB-BECE-8DAE632C9658}.Debug|Any CPU.ActiveCfg = Debug|Any CPU
		{8B0B50A8-C455-44EB-BECE-8DAE632C9658}.Debug|Any CPU.Build.0 = Debug|Any CPU
		{8B0B50A8-C455-44EB-BECE-8DAE632C9658}.Release|Any CPU.ActiveCfg = Release|Any CPU
		{8B0B50A8-C455-44EB-BECE-8DAE632C9658}.Release|Any CPU.Build.0 = Release|Any CPU
		{21568A18-B655-463D-8EC6-E43B032C930B}.Debug|Any CPU.ActiveCfg = Debug|Any CPU
		{21568A18-B655-463D-8EC6-E43B032C930B}.Debug|Any CPU.Build.0 = Debug|Any CPU
		{21568A18-B655-463D-8EC6-E43B032C930B}.Release|Any CPU.ActiveCfg = Release|Any CPU
		{21568A18-B655-463D-8EC6-E43B032C930B}.Release|Any CPU.Build.0 = Release|Any CPU
		{98A9D317-8C59-4ABB-969C-441683539937}.Debug|Any CPU.ActiveCfg = Debug|Any CPU
		{98A9D317-8C59-4ABB-969C-441683539937}.Debug|Any CPU.Build.0 = Debug|Any CPU
		{98A9D317-8C59-4ABB-969C-441683539937}.Release|Any CPU.ActiveCfg = Release|Any CPU
		{98A9D317-8C59-4ABB-969C-441683539937}.Release|Any CPU.Build.0 = Release|Any CPU
		{1C046CD7-EB7A-4DD9-9140-47A297DA6DD1}.Debug|Any CPU.ActiveCfg = Debug|Any CPU
		{1C046CD7-EB7A-4DD9-9140-47A297DA6DD1}.Debug|Any CPU.Build.0 = Debug|Any CPU
		{1C046CD7-EB7A-4DD9-9140-47A297DA6DD1}.Release|Any CPU.ActiveCfg = Release|Any CPU
		{1C046CD7-EB7A-4DD9-9140-47A297DA6DD1}.Release|Any CPU.Build.0 = Release|Any CPU
		{46234CC9-BC00-4221-996A-81134C7D0FAD}.Debug|Any CPU.ActiveCfg = Debug|Any CPU
		{46234CC9-BC00-4221-996A-81134C7D0FAD}.Debug|Any CPU.Build.0 = Debug|Any CPU
		{46234CC9-BC00-4221-996A-81134C7D0FAD}.Release|Any CPU.ActiveCfg = Release|Any CPU
		{46234CC9-BC00-4221-996A-81134C7D0FAD}.Release|Any CPU.Build.0 = Release|Any CPU
		{A0060439-E811-4A50-ADF5-AF7AFC5912EA}.Debug|Any CPU.ActiveCfg = Debug|Any CPU
		{A0060439-E811-4A50-ADF5-AF7AFC5912EA}.Debug|Any CPU.Build.0 = Debug|Any CPU
		{A0060439-E811-4A50-ADF5-AF7AFC5912EA}.Release|Any CPU.ActiveCfg = Release|Any CPU
		{A0060439-E811-4A50-ADF5-AF7AFC5912EA}.Release|Any CPU.Build.0 = Release|Any CPU
		{85D3D628-7DEC-403F-9B56-A1283F45BBBD}.Debug|Any CPU.ActiveCfg = Debug|Any CPU
		{85D3D628-7DEC-403F-9B56-A1283F45BBBD}.Debug|Any CPU.Build.0 = Debug|Any CPU
		{85D3D628-7DEC-403F-9B56-A1283F45BBBD}.Release|Any CPU.ActiveCfg = Release|Any CPU
		{85D3D628-7DEC-403F-9B56-A1283F45BBBD}.Release|Any CPU.Build.0 = Release|Any CPU
		{30B570AD-823A-46FB-AF13-39AEC81B2BB4}.Debug|Any CPU.ActiveCfg = Debug|Any CPU
		{30B570AD-823A-46FB-AF13-39AEC81B2BB4}.Debug|Any CPU.Build.0 = Debug|Any CPU
		{30B570AD-823A-46FB-AF13-39AEC81B2BB4}.Release|Any CPU.ActiveCfg = Release|Any CPU
		{30B570AD-823A-46FB-AF13-39AEC81B2BB4}.Release|Any CPU.Build.0 = Release|Any CPU
	EndGlobalSection
	GlobalSection(SolutionProperties) = preSolution
		HideSolutionNode = FALSE
	EndGlobalSection
	GlobalSection(NestedProjects) = preSolution
		{E97A69CC-FC7C-4C3C-9B26-FA7D8EEF7DE7} = {0A3079FD-5893-422F-91AD-EF6CF81CB0F8}
		{56963A82-3D2A-415C-9248-E078E1123AA5} = {0A3079FD-5893-422F-91AD-EF6CF81CB0F8}
		{85E7C5CC-482A-4E86-BD33-C2F129B5D0EF} = {0A3079FD-5893-422F-91AD-EF6CF81CB0F8}
		{B6B1028B-7BDF-42A6-9043-719960185AC8} = {0A3079FD-5893-422F-91AD-EF6CF81CB0F8}
		{36999C05-FD8B-4E68-AFEC-D7BE69750E55} = {85E7C5CC-482A-4E86-BD33-C2F129B5D0EF}
		{EC63E746-90E5-4DE0-BB66-601A195C4F2F} = {85E7C5CC-482A-4E86-BD33-C2F129B5D0EF}
		{90A120AC-DE06-44B7-B0FB-25BABA0665D6} = {85E7C5CC-482A-4E86-BD33-C2F129B5D0EF}
		{BC2AFD52-BEF8-4EA5-94E3-54CC611B05C0} = {B6B1028B-7BDF-42A6-9043-719960185AC8}
		{D32398C9-01E9-439A-BFC6-99DCDA75DE62} = {56963A82-3D2A-415C-9248-E078E1123AA5}
		{5BF3074A-8DAF-439D-9F69-8D8318CD6179} = {56963A82-3D2A-415C-9248-E078E1123AA5}
		{F9F7C042-DBED-484C-AF9E-DE7BB355887F} = {56963A82-3D2A-415C-9248-E078E1123AA5}
		{4E898479-FDD5-4AFC-A600-D1FD032214C2} = {0A3079FD-5893-422F-91AD-EF6CF81CB0F8}
		{74F96A48-5C2C-4D5B-93A0-DB6BCECAA1AA} = {4E898479-FDD5-4AFC-A600-D1FD032214C2}
		{5B5EB371-C892-4F0B-81CB-79D057468874} = {B6B1028B-7BDF-42A6-9043-719960185AC8}
		{30527CF0-2FB9-4943-9D20-5415B3B62D5E} = {B6B1028B-7BDF-42A6-9043-719960185AC8}
		{E513BA31-CD43-4DCF-8977-C88D0FF6A05F} = {E97A69CC-FC7C-4C3C-9B26-FA7D8EEF7DE7}
		{72F3C057-0BA1-49D8-BF01-18BC00B0C0C6} = {18A1B4F0-EDFB-4258-A7B6-F2533CE4F18A}
		{8B0B50A8-C455-44EB-BECE-8DAE632C9658} = {4E898479-FDD5-4AFC-A600-D1FD032214C2}
		{21568A18-B655-463D-8EC6-E43B032C930B} = {4E898479-FDD5-4AFC-A600-D1FD032214C2}
		{98A9D317-8C59-4ABB-969C-441683539937} = {4E898479-FDD5-4AFC-A600-D1FD032214C2}
		{1C046CD7-EB7A-4DD9-9140-47A297DA6DD1} = {56963A82-3D2A-415C-9248-E078E1123AA5}
		{46234CC9-BC00-4221-996A-81134C7D0FAD} = {85E7C5CC-482A-4E86-BD33-C2F129B5D0EF}
		{A0060439-E811-4A50-ADF5-AF7AFC5912EA} = {B6B1028B-7BDF-42A6-9043-719960185AC8}
		{85D3D628-7DEC-403F-9B56-A1283F45BBBD} = {A2AF9421-024B-41AB-8617-A0D3552DD817}
		{30B570AD-823A-46FB-AF13-39AEC81B2BB4} = {18A1B4F0-EDFB-4258-A7B6-F2533CE4F18A}
	EndGlobalSection
	GlobalSection(ExtensibilityGlobals) = postSolution
		SolutionGuid = {67EC54CA-3230-46DB-A00C-B1AF6BCCB2B3}
	EndGlobalSection
EndGlobal
