
Microsoft Visual Studio Solution File, Format Version 12.00
# Visual Studio Version 16
VisualStudioVersion = 16.0.31424.327
MinimumVisualStudioVersion = 10.0.40219.1
Project("{2150E333-8FDC-42A3-9474-1A3956D46DE8}") = "Services", "Services", "{0A3079FD-5893-422F-91AD-EF6CF81CB0F8}"
EndProject
Project("{2150E333-8FDC-42A3-9474-1A3956D46DE8}") = "Identity", "Identity", "{E97A69CC-FC7C-4C3C-9B26-FA7D8EEF7DE7}"
EndProject
Project("{9A19103F-16F7-4668-BE54-9A1E7A4F7556}") = "ECommerce.Produtos.Domain", "Services\Produtos\ECommerce.Produtos.Domain\ECommerce.Produtos.Domain.csproj", "{378830C9-4657-44F6-A199-86BA4333689B}"
EndProject
Project("{2150E333-8FDC-42A3-9474-1A3956D46DE8}") = "Produtos", "Produtos", "{56963A82-3D2A-415C-9248-E078E1123AA5}"
EndProject
Project("{9A19103F-16F7-4668-BE54-9A1E7A4F7556}") = "ECommerce.Produtos.Infrastructure", "Services\Produtos\ECommerce.Produtos.Infrastructure\ECommerce.Produtos.Infrastructure.csproj", "{BAC5CCB5-E719-4803-B3C6-B0C7E837A814}"
EndProject
Project("{2150E333-8FDC-42A3-9474-1A3956D46DE8}") = "Clientes", "Clientes", "{85E7C5CC-482A-4E86-BD33-C2F129B5D0EF}"
EndProject
Project("{9A19103F-16F7-4668-BE54-9A1E7A4F7556}") = "ECommerce.Produtos.Api", "Services\Produtos\ECommerce.Produtos.Api\ECommerce.Produtos.Api.csproj", "{13252870-5FD5-4AAB-B8A8-9ACAB6673654}"
EndProject
Project("{9A19103F-16F7-4668-BE54-9A1E7A4F7556}") = "ECommerce.Identity.Api", "Services\Identity\ECommerce.Identity.Api\ECommerce.Identity.Api.csproj", "{39CBE71D-6FD1-4810-9759-BD100BA2ECA6}"
EndProject
Project("{9A19103F-16F7-4668-BE54-9A1E7A4F7556}") = "ECommerce.Clientes.Api", "Services\Clientes\ECommerce.Clientes.Api\ECommerce.Clientes.Api.csproj", "{0F16FF86-BF48-42F4-82E4-21AC7B94505D}"
EndProject
Project("{9A19103F-16F7-4668-BE54-9A1E7A4F7556}") = "ECommerce.Clientes.Domain", "Services\Clientes\ECommerce.Clientes.Domain\ECommerce.Clientes.Domain.csproj", "{3A211E2B-911D-450C-9E47-EDC25E0CE7AD}"
EndProject
Project("{9A19103F-16F7-4668-BE54-9A1E7A4F7556}") = "ECommerce.Clientes.Infrastructure", "Services\Clientes\ECommerce.Clientes.Infrastructure\ECommerce.Clientes.Infrastructure.csproj", "{E12EFF08-1451-4A21-BA50-C43464BA28A1}"
EndProject
Project("{2150E333-8FDC-42A3-9474-1A3956D46DE8}") = "Pedidos", "Pedidos", "{B6B1028B-7BDF-42A6-9043-719960185AC8}"
EndProject
Project("{9A19103F-16F7-4668-BE54-9A1E7A4F7556}") = "ECommerce.Pedidos.Api", "Services\Pedidos\ECommerce.Pedidos.Api\ECommerce.Pedidos.Api.csproj", "{2AA2FE58-EADB-4FE3-956D-25569736906E}"
EndProject
Project("{9A19103F-16F7-4668-BE54-9A1E7A4F7556}") = "ECommerce.Pedidos.Domain", "Services\Pedidos\ECommerce.Pedidos.Domain\ECommerce.Pedidos.Domain.csproj", "{DDF1FC92-99C3-43B1-A88D-0E3343BF8CCF}"
EndProject
Project("{9A19103F-16F7-4668-BE54-9A1E7A4F7556}") = "ECommerce.Pedidos.Infrastructure", "Services\Pedidos\ECommerce.Pedidos.Infrastructure\ECommerce.Pedidos.Infrastructure.csproj", "{05FE1485-2BE1-441B-BCF2-AC42F8A082E8}"
EndProject
Global
	GlobalSection(SolutionConfigurationPlatforms) = preSolution
		Debug|Any CPU = Debug|Any CPU
		Release|Any CPU = Release|Any CPU
	EndGlobalSection
	GlobalSection(ProjectConfigurationPlatforms) = postSolution
		{378830C9-4657-44F6-A199-86BA4333689B}.Debug|Any CPU.ActiveCfg = Debug|Any CPU
		{378830C9-4657-44F6-A199-86BA4333689B}.Debug|Any CPU.Build.0 = Debug|Any CPU
		{378830C9-4657-44F6-A199-86BA4333689B}.Release|Any CPU.ActiveCfg = Release|Any CPU
		{378830C9-4657-44F6-A199-86BA4333689B}.Release|Any CPU.Build.0 = Release|Any CPU
		{BAC5CCB5-E719-4803-B3C6-B0C7E837A814}.Debug|Any CPU.ActiveCfg = Debug|Any CPU
		{BAC5CCB5-E719-4803-B3C6-B0C7E837A814}.Debug|Any CPU.Build.0 = Debug|Any CPU
		{BAC5CCB5-E719-4803-B3C6-B0C7E837A814}.Release|Any CPU.ActiveCfg = Release|Any CPU
		{BAC5CCB5-E719-4803-B3C6-B0C7E837A814}.Release|Any CPU.Build.0 = Release|Any CPU
		{13252870-5FD5-4AAB-B8A8-9ACAB6673654}.Debug|Any CPU.ActiveCfg = Debug|Any CPU
		{13252870-5FD5-4AAB-B8A8-9ACAB6673654}.Debug|Any CPU.Build.0 = Debug|Any CPU
		{13252870-5FD5-4AAB-B8A8-9ACAB6673654}.Release|Any CPU.ActiveCfg = Release|Any CPU
		{13252870-5FD5-4AAB-B8A8-9ACAB6673654}.Release|Any CPU.Build.0 = Release|Any CPU
		{39CBE71D-6FD1-4810-9759-BD100BA2ECA6}.Debug|Any CPU.ActiveCfg = Debug|Any CPU
		{39CBE71D-6FD1-4810-9759-BD100BA2ECA6}.Debug|Any CPU.Build.0 = Debug|Any CPU
		{39CBE71D-6FD1-4810-9759-BD100BA2ECA6}.Release|Any CPU.ActiveCfg = Release|Any CPU
		{39CBE71D-6FD1-4810-9759-BD100BA2ECA6}.Release|Any CPU.Build.0 = Release|Any CPU
		{0F16FF86-BF48-42F4-82E4-21AC7B94505D}.Debug|Any CPU.ActiveCfg = Debug|Any CPU
		{0F16FF86-BF48-42F4-82E4-21AC7B94505D}.Debug|Any CPU.Build.0 = Debug|Any CPU
		{0F16FF86-BF48-42F4-82E4-21AC7B94505D}.Release|Any CPU.ActiveCfg = Release|Any CPU
		{0F16FF86-BF48-42F4-82E4-21AC7B94505D}.Release|Any CPU.Build.0 = Release|Any CPU
		{3A211E2B-911D-450C-9E47-EDC25E0CE7AD}.Debug|Any CPU.ActiveCfg = Debug|Any CPU
		{3A211E2B-911D-450C-9E47-EDC25E0CE7AD}.Debug|Any CPU.Build.0 = Debug|Any CPU
		{3A211E2B-911D-450C-9E47-EDC25E0CE7AD}.Release|Any CPU.ActiveCfg = Release|Any CPU
		{3A211E2B-911D-450C-9E47-EDC25E0CE7AD}.Release|Any CPU.Build.0 = Release|Any CPU
		{E12EFF08-1451-4A21-BA50-C43464BA28A1}.Debug|Any CPU.ActiveCfg = Debug|Any CPU
		{E12EFF08-1451-4A21-BA50-C43464BA28A1}.Debug|Any CPU.Build.0 = Debug|Any CPU
		{E12EFF08-1451-4A21-BA50-C43464BA28A1}.Release|Any CPU.ActiveCfg = Release|Any CPU
		{E12EFF08-1451-4A21-BA50-C43464BA28A1}.Release|Any CPU.Build.0 = Release|Any CPU
		{2AA2FE58-EADB-4FE3-956D-25569736906E}.Debug|Any CPU.ActiveCfg = Debug|Any CPU
		{2AA2FE58-EADB-4FE3-956D-25569736906E}.Debug|Any CPU.Build.0 = Debug|Any CPU
		{2AA2FE58-EADB-4FE3-956D-25569736906E}.Release|Any CPU.ActiveCfg = Release|Any CPU
		{2AA2FE58-EADB-4FE3-956D-25569736906E}.Release|Any CPU.Build.0 = Release|Any CPU
		{DDF1FC92-99C3-43B1-A88D-0E3343BF8CCF}.Debug|Any CPU.ActiveCfg = Debug|Any CPU
		{DDF1FC92-99C3-43B1-A88D-0E3343BF8CCF}.Debug|Any CPU.Build.0 = Debug|Any CPU
		{DDF1FC92-99C3-43B1-A88D-0E3343BF8CCF}.Release|Any CPU.ActiveCfg = Release|Any CPU
		{DDF1FC92-99C3-43B1-A88D-0E3343BF8CCF}.Release|Any CPU.Build.0 = Release|Any CPU
		{05FE1485-2BE1-441B-BCF2-AC42F8A082E8}.Debug|Any CPU.ActiveCfg = Debug|Any CPU
		{05FE1485-2BE1-441B-BCF2-AC42F8A082E8}.Debug|Any CPU.Build.0 = Debug|Any CPU
		{05FE1485-2BE1-441B-BCF2-AC42F8A082E8}.Release|Any CPU.ActiveCfg = Release|Any CPU
		{05FE1485-2BE1-441B-BCF2-AC42F8A082E8}.Release|Any CPU.Build.0 = Release|Any CPU
	EndGlobalSection
	GlobalSection(SolutionProperties) = preSolution
		HideSolutionNode = FALSE
	EndGlobalSection
	GlobalSection(NestedProjects) = preSolution
		{E97A69CC-FC7C-4C3C-9B26-FA7D8EEF7DE7} = {0A3079FD-5893-422F-91AD-EF6CF81CB0F8}
		{378830C9-4657-44F6-A199-86BA4333689B} = {56963A82-3D2A-415C-9248-E078E1123AA5}
		{56963A82-3D2A-415C-9248-E078E1123AA5} = {0A3079FD-5893-422F-91AD-EF6CF81CB0F8}
		{BAC5CCB5-E719-4803-B3C6-B0C7E837A814} = {56963A82-3D2A-415C-9248-E078E1123AA5}
		{85E7C5CC-482A-4E86-BD33-C2F129B5D0EF} = {0A3079FD-5893-422F-91AD-EF6CF81CB0F8}
		{13252870-5FD5-4AAB-B8A8-9ACAB6673654} = {56963A82-3D2A-415C-9248-E078E1123AA5}
		{39CBE71D-6FD1-4810-9759-BD100BA2ECA6} = {E97A69CC-FC7C-4C3C-9B26-FA7D8EEF7DE7}
		{0F16FF86-BF48-42F4-82E4-21AC7B94505D} = {85E7C5CC-482A-4E86-BD33-C2F129B5D0EF}
		{3A211E2B-911D-450C-9E47-EDC25E0CE7AD} = {85E7C5CC-482A-4E86-BD33-C2F129B5D0EF}
		{E12EFF08-1451-4A21-BA50-C43464BA28A1} = {85E7C5CC-482A-4E86-BD33-C2F129B5D0EF}
		{B6B1028B-7BDF-42A6-9043-719960185AC8} = {0A3079FD-5893-422F-91AD-EF6CF81CB0F8}
		{2AA2FE58-EADB-4FE3-956D-25569736906E} = {B6B1028B-7BDF-42A6-9043-719960185AC8}
		{DDF1FC92-99C3-43B1-A88D-0E3343BF8CCF} = {B6B1028B-7BDF-42A6-9043-719960185AC8}
		{05FE1485-2BE1-441B-BCF2-AC42F8A082E8} = {B6B1028B-7BDF-42A6-9043-719960185AC8}
	EndGlobalSection
	GlobalSection(ExtensibilityGlobals) = postSolution
		SolutionGuid = {67EC54CA-3230-46DB-A00C-B1AF6BCCB2B3}
	EndGlobalSection
EndGlobal
