
Microsoft Visual Studio Solution File, Format Version 12.00
# Visual Studio Version 16
VisualStudioVersion = 16.0.31424.327
MinimumVisualStudioVersion = 10.0.40219.1
Project("{2150E333-8FDC-42A3-9474-1A3956D46DE8}") = "BFF", "BFF", "{6D2D4254-9597-4F6B-94F2-94F9D0BB7952}"
EndProject
Project("{2150E333-8FDC-42A3-9474-1A3956D46DE8}") = "Services", "Services", "{0A3079FD-5893-422F-91AD-EF6CF81CB0F8}"
EndProject
Project("{9A19103F-16F7-4668-BE54-9A1E7A4F7556}") = "WebApp", "BFF\WebApp\WebApp.csproj", "{7C9F47F8-22C0-45B9-9D3A-556F76156F81}"
EndProject
Project("{2150E333-8FDC-42A3-9474-1A3956D46DE8}") = "Core", "Core", "{1099BF1B-C3E3-4C1F-8E03-47E9560CB72B}"
EndProject
Project("{9A19103F-16F7-4668-BE54-9A1E7A4F7556}") = "Domain", "Core\Domain\Domain.csproj", "{3A0756CF-2F15-43EF-82F3-AC665463C244}"
EndProject
Project("{2150E333-8FDC-42A3-9474-1A3956D46DE8}") = "UsuariosInternos", "UsuariosInternos", "{47182352-5270-4401-B540-07B0BF6418C4}"
EndProject
Project("{2150E333-8FDC-42A3-9474-1A3956D46DE8}") = "UsuariosExternos", "UsuariosExternos", "{B96724C7-119D-4C81-8229-98F3A680DC97}"
EndProject
Project("{9A19103F-16F7-4668-BE54-9A1E7A4F7556}") = "Api", "Services\UsuariosExternos\Api\Api.csproj", "{64EC4CD2-C153-4B02-8015-97AF7AEF2A2A}"
EndProject
Project("{9A19103F-16F7-4668-BE54-9A1E7A4F7556}") = "Domain", "Services\UsuariosExternos\Domain\Domain.csproj", "{0ABDC9C5-834A-49C2-9BB4-D988F3215DCC}"
EndProject
Project("{9A19103F-16F7-4668-BE54-9A1E7A4F7556}") = "Infrastructure", "Services\UsuariosExternos\Infrastructure\Infrastructure.csproj", "{473D6892-31B3-4188-88FC-5C7E117802F4}"
EndProject
Project("{9A19103F-16F7-4668-BE54-9A1E7A4F7556}") = "Api", "Services\UsuariosInternos\Api\Api.csproj", "{F244CEA8-DF89-4BD0-8B51-DCC134DD65DF}"
EndProject
Project("{9A19103F-16F7-4668-BE54-9A1E7A4F7556}") = "Domain", "Services\UsuariosInternos\Domain\Domain.csproj", "{ADE07AF8-80ED-40D6-9CE9-11BB7CA1942D}"
EndProject
Project("{9A19103F-16F7-4668-BE54-9A1E7A4F7556}") = "Infrastructure", "Services\UsuariosInternos\Infrastructure\Infrastructure.csproj", "{1F240488-954D-49BC-8A3E-BBF4947DACE5}"
EndProject
Project("{2150E333-8FDC-42A3-9474-1A3956D46DE8}") = "Produtos", "Produtos", "{F963D869-46FE-4499-9C80-5640E7DB03DE}"
EndProject
Project("{9A19103F-16F7-4668-BE54-9A1E7A4F7556}") = "Api", "Services\Produtos\Api\Api.csproj", "{739CB2B7-59C7-4C8C-9A93-E3AEEF5660FE}"
EndProject
Project("{9A19103F-16F7-4668-BE54-9A1E7A4F7556}") = "Domain", "Services\Produtos\Domain\Domain.csproj", "{1903880A-60BD-49FF-80B5-B54D0AC68CF1}"
EndProject
Project("{9A19103F-16F7-4668-BE54-9A1E7A4F7556}") = "Infrastructure", "Services\Produtos\Infrastructure\Infrastructure.csproj", "{0A52029A-3D6A-4FA1-B830-65E90FEEB996}"
EndProject
Project("{2150E333-8FDC-42A3-9474-1A3956D46DE8}") = "Auth", "Auth", "{E97A69CC-FC7C-4C3C-9B26-FA7D8EEF7DE7}"
EndProject
Project("{9A19103F-16F7-4668-BE54-9A1E7A4F7556}") = "SSO", "Auth\SSO\SSO.csproj", "{5E6131A1-45CE-4028-8482-6FB6D409058D}"
EndProject
Global
	GlobalSection(SolutionConfigurationPlatforms) = preSolution
		Debug|Any CPU = Debug|Any CPU
		Release|Any CPU = Release|Any CPU
	EndGlobalSection
	GlobalSection(ProjectConfigurationPlatforms) = postSolution
		{7C9F47F8-22C0-45B9-9D3A-556F76156F81}.Debug|Any CPU.ActiveCfg = Debug|Any CPU
		{7C9F47F8-22C0-45B9-9D3A-556F76156F81}.Debug|Any CPU.Build.0 = Debug|Any CPU
		{7C9F47F8-22C0-45B9-9D3A-556F76156F81}.Release|Any CPU.ActiveCfg = Release|Any CPU
		{7C9F47F8-22C0-45B9-9D3A-556F76156F81}.Release|Any CPU.Build.0 = Release|Any CPU
		{3A0756CF-2F15-43EF-82F3-AC665463C244}.Debug|Any CPU.ActiveCfg = Debug|Any CPU
		{3A0756CF-2F15-43EF-82F3-AC665463C244}.Debug|Any CPU.Build.0 = Debug|Any CPU
		{3A0756CF-2F15-43EF-82F3-AC665463C244}.Release|Any CPU.ActiveCfg = Release|Any CPU
		{3A0756CF-2F15-43EF-82F3-AC665463C244}.Release|Any CPU.Build.0 = Release|Any CPU
		{64EC4CD2-C153-4B02-8015-97AF7AEF2A2A}.Debug|Any CPU.ActiveCfg = Debug|Any CPU
		{64EC4CD2-C153-4B02-8015-97AF7AEF2A2A}.Debug|Any CPU.Build.0 = Debug|Any CPU
		{64EC4CD2-C153-4B02-8015-97AF7AEF2A2A}.Release|Any CPU.ActiveCfg = Release|Any CPU
		{64EC4CD2-C153-4B02-8015-97AF7AEF2A2A}.Release|Any CPU.Build.0 = Release|Any CPU
		{0ABDC9C5-834A-49C2-9BB4-D988F3215DCC}.Debug|Any CPU.ActiveCfg = Debug|Any CPU
		{0ABDC9C5-834A-49C2-9BB4-D988F3215DCC}.Debug|Any CPU.Build.0 = Debug|Any CPU
		{0ABDC9C5-834A-49C2-9BB4-D988F3215DCC}.Release|Any CPU.ActiveCfg = Release|Any CPU
		{0ABDC9C5-834A-49C2-9BB4-D988F3215DCC}.Release|Any CPU.Build.0 = Release|Any CPU
		{473D6892-31B3-4188-88FC-5C7E117802F4}.Debug|Any CPU.ActiveCfg = Debug|Any CPU
		{473D6892-31B3-4188-88FC-5C7E117802F4}.Debug|Any CPU.Build.0 = Debug|Any CPU
		{473D6892-31B3-4188-88FC-5C7E117802F4}.Release|Any CPU.ActiveCfg = Release|Any CPU
		{473D6892-31B3-4188-88FC-5C7E117802F4}.Release|Any CPU.Build.0 = Release|Any CPU
		{F244CEA8-DF89-4BD0-8B51-DCC134DD65DF}.Debug|Any CPU.ActiveCfg = Debug|Any CPU
		{F244CEA8-DF89-4BD0-8B51-DCC134DD65DF}.Debug|Any CPU.Build.0 = Debug|Any CPU
		{F244CEA8-DF89-4BD0-8B51-DCC134DD65DF}.Release|Any CPU.ActiveCfg = Release|Any CPU
		{F244CEA8-DF89-4BD0-8B51-DCC134DD65DF}.Release|Any CPU.Build.0 = Release|Any CPU
		{ADE07AF8-80ED-40D6-9CE9-11BB7CA1942D}.Debug|Any CPU.ActiveCfg = Debug|Any CPU
		{ADE07AF8-80ED-40D6-9CE9-11BB7CA1942D}.Debug|Any CPU.Build.0 = Debug|Any CPU
		{ADE07AF8-80ED-40D6-9CE9-11BB7CA1942D}.Release|Any CPU.ActiveCfg = Release|Any CPU
		{ADE07AF8-80ED-40D6-9CE9-11BB7CA1942D}.Release|Any CPU.Build.0 = Release|Any CPU
		{1F240488-954D-49BC-8A3E-BBF4947DACE5}.Debug|Any CPU.ActiveCfg = Debug|Any CPU
		{1F240488-954D-49BC-8A3E-BBF4947DACE5}.Debug|Any CPU.Build.0 = Debug|Any CPU
		{1F240488-954D-49BC-8A3E-BBF4947DACE5}.Release|Any CPU.ActiveCfg = Release|Any CPU
		{1F240488-954D-49BC-8A3E-BBF4947DACE5}.Release|Any CPU.Build.0 = Release|Any CPU
		{739CB2B7-59C7-4C8C-9A93-E3AEEF5660FE}.Debug|Any CPU.ActiveCfg = Debug|Any CPU
		{739CB2B7-59C7-4C8C-9A93-E3AEEF5660FE}.Debug|Any CPU.Build.0 = Debug|Any CPU
		{739CB2B7-59C7-4C8C-9A93-E3AEEF5660FE}.Release|Any CPU.ActiveCfg = Release|Any CPU
		{739CB2B7-59C7-4C8C-9A93-E3AEEF5660FE}.Release|Any CPU.Build.0 = Release|Any CPU
		{1903880A-60BD-49FF-80B5-B54D0AC68CF1}.Debug|Any CPU.ActiveCfg = Debug|Any CPU
		{1903880A-60BD-49FF-80B5-B54D0AC68CF1}.Debug|Any CPU.Build.0 = Debug|Any CPU
		{1903880A-60BD-49FF-80B5-B54D0AC68CF1}.Release|Any CPU.ActiveCfg = Release|Any CPU
		{1903880A-60BD-49FF-80B5-B54D0AC68CF1}.Release|Any CPU.Build.0 = Release|Any CPU
		{0A52029A-3D6A-4FA1-B830-65E90FEEB996}.Debug|Any CPU.ActiveCfg = Debug|Any CPU
		{0A52029A-3D6A-4FA1-B830-65E90FEEB996}.Debug|Any CPU.Build.0 = Debug|Any CPU
		{0A52029A-3D6A-4FA1-B830-65E90FEEB996}.Release|Any CPU.ActiveCfg = Release|Any CPU
		{0A52029A-3D6A-4FA1-B830-65E90FEEB996}.Release|Any CPU.Build.0 = Release|Any CPU
		{5E6131A1-45CE-4028-8482-6FB6D409058D}.Debug|Any CPU.ActiveCfg = Debug|Any CPU
		{5E6131A1-45CE-4028-8482-6FB6D409058D}.Debug|Any CPU.Build.0 = Debug|Any CPU
		{5E6131A1-45CE-4028-8482-6FB6D409058D}.Release|Any CPU.ActiveCfg = Release|Any CPU
		{5E6131A1-45CE-4028-8482-6FB6D409058D}.Release|Any CPU.Build.0 = Release|Any CPU
	EndGlobalSection
	GlobalSection(SolutionProperties) = preSolution
		HideSolutionNode = FALSE
	EndGlobalSection
	GlobalSection(NestedProjects) = preSolution
		{7C9F47F8-22C0-45B9-9D3A-556F76156F81} = {6D2D4254-9597-4F6B-94F2-94F9D0BB7952}
		{3A0756CF-2F15-43EF-82F3-AC665463C244} = {1099BF1B-C3E3-4C1F-8E03-47E9560CB72B}
		{47182352-5270-4401-B540-07B0BF6418C4} = {0A3079FD-5893-422F-91AD-EF6CF81CB0F8}
		{B96724C7-119D-4C81-8229-98F3A680DC97} = {0A3079FD-5893-422F-91AD-EF6CF81CB0F8}
		{64EC4CD2-C153-4B02-8015-97AF7AEF2A2A} = {B96724C7-119D-4C81-8229-98F3A680DC97}
		{0ABDC9C5-834A-49C2-9BB4-D988F3215DCC} = {B96724C7-119D-4C81-8229-98F3A680DC97}
		{473D6892-31B3-4188-88FC-5C7E117802F4} = {B96724C7-119D-4C81-8229-98F3A680DC97}
		{F244CEA8-DF89-4BD0-8B51-DCC134DD65DF} = {47182352-5270-4401-B540-07B0BF6418C4}
		{ADE07AF8-80ED-40D6-9CE9-11BB7CA1942D} = {47182352-5270-4401-B540-07B0BF6418C4}
		{1F240488-954D-49BC-8A3E-BBF4947DACE5} = {47182352-5270-4401-B540-07B0BF6418C4}
		{F963D869-46FE-4499-9C80-5640E7DB03DE} = {0A3079FD-5893-422F-91AD-EF6CF81CB0F8}
		{739CB2B7-59C7-4C8C-9A93-E3AEEF5660FE} = {F963D869-46FE-4499-9C80-5640E7DB03DE}
		{1903880A-60BD-49FF-80B5-B54D0AC68CF1} = {F963D869-46FE-4499-9C80-5640E7DB03DE}
		{0A52029A-3D6A-4FA1-B830-65E90FEEB996} = {F963D869-46FE-4499-9C80-5640E7DB03DE}
		{5E6131A1-45CE-4028-8482-6FB6D409058D} = {E97A69CC-FC7C-4C3C-9B26-FA7D8EEF7DE7}
	EndGlobalSection
	GlobalSection(ExtensibilityGlobals) = postSolution
		SolutionGuid = {67EC54CA-3230-46DB-A00C-B1AF6BCCB2B3}
	EndGlobalSection
EndGlobal
