
Microsoft Visual Studio Solution File, Format Version 12.00
# Visual Studio Version 16
VisualStudioVersion = 16.0.31424.327
MinimumVisualStudioVersion = 10.0.40219.1
Project("{2150E333-8FDC-42A3-9474-1A3956D46DE8}") = "Web", "Web", "{6D2D4254-9597-4F6B-94F2-94F9D0BB7952}"
EndProject
Project("{2150E333-8FDC-42A3-9474-1A3956D46DE8}") = "Services", "Services", "{0A3079FD-5893-422F-91AD-EF6CF81CB0F8}"
EndProject
Project("{2150E333-8FDC-42A3-9474-1A3956D46DE8}") = "Identity", "Identity", "{E97A69CC-FC7C-4C3C-9B26-FA7D8EEF7DE7}"
EndProject
Project("{9A19103F-16F7-4668-BE54-9A1E7A4F7556}") = "ECommerce.Web.Api", "Web\ECommerce.Web.Api\ECommerce.Web.Api.csproj", "{8496760A-483F-4F60-A34E-7278F3975E3B}"
EndProject
Project("{2150E333-8FDC-42A3-9474-1A3956D46DE8}") = "Common", "Common", "{EE1FA547-17A8-4553-98A3-1BAF3AA878BB}"
EndProject
Project("{9A19103F-16F7-4668-BE54-9A1E7A4F7556}") = "ECommerce.Common", "Common\ECommerce.Common\ECommerce.Common.csproj", "{976AB09A-BAB1-4E95-9BFD-90E67BAB8678}"
EndProject
Project("{9A19103F-16F7-4668-BE54-9A1E7A4F7556}") = "ECommerce.Produtos.Domain", "Services\Produtos\ECommerce.Produtos.Domain\ECommerce.Produtos.Domain.csproj", "{378830C9-4657-44F6-A199-86BA4333689B}"
EndProject
Project("{2150E333-8FDC-42A3-9474-1A3956D46DE8}") = "Produtos", "Produtos", "{56963A82-3D2A-415C-9248-E078E1123AA5}"
EndProject
Project("{9A19103F-16F7-4668-BE54-9A1E7A4F7556}") = "ECommerce.Produtos.Infrastructure", "Services\Produtos\ECommerce.Produtos.Infrastructure\ECommerce.Produtos.Infrastructure.csproj", "{BAC5CCB5-E719-4803-B3C6-B0C7E837A814}"
EndProject
Project("{2150E333-8FDC-42A3-9474-1A3956D46DE8}") = "Usuarios", "Usuarios", "{85E7C5CC-482A-4E86-BD33-C2F129B5D0EF}"
EndProject
Project("{9A19103F-16F7-4668-BE54-9A1E7A4F7556}") = "ECommerce.Produtos.Api", "Services\Produtos\ECommerce.Produtos.Api\ECommerce.Produtos.Api.csproj", "{13252870-5FD5-4AAB-B8A8-9ACAB6673654}"
EndProject
Project("{9A19103F-16F7-4668-BE54-9A1E7A4F7556}") = "ECommerce.Usuarios.Api", "Services\Usuarios\ECommerce.Usuarios.Api\ECommerce.Usuarios.Api.csproj", "{9902CEDC-1CD6-485C-B37F-949B659910F3}"
EndProject
Project("{9A19103F-16F7-4668-BE54-9A1E7A4F7556}") = "ECommerce.Identity.Api", "Services\Identity\ECommerce.Identity.Api\ECommerce.Identity.Api.csproj", "{39CBE71D-6FD1-4810-9759-BD100BA2ECA6}"
EndProject
Project("{FAE04EC0-301F-11D3-BF4B-00C04F79EFBC}") = "ECommerce.Usuarios.Domain", "Services\Usuarios\ECommerce.Usuarios.Domain\ECommerce.Usuarios.Domain.csproj", "{D6A9D8E5-97A5-47E8-9A1B-DE85B1095E7E}"
EndProject
Project("{FAE04EC0-301F-11D3-BF4B-00C04F79EFBC}") = "ECommerce.Usuarios.Infrastructure", "Services\Usuarios\ECommerce.Usuarios.Infrastructure\ECommerce.Usuarios.Infrastructure.csproj", "{4DB92203-74B3-4535-BEF4-23FE61171256}"
EndProject
Global
	GlobalSection(SolutionConfigurationPlatforms) = preSolution
		Debug|Any CPU = Debug|Any CPU
		Release|Any CPU = Release|Any CPU
	EndGlobalSection
	GlobalSection(ProjectConfigurationPlatforms) = postSolution
		{8496760A-483F-4F60-A34E-7278F3975E3B}.Debug|Any CPU.ActiveCfg = Debug|Any CPU
		{8496760A-483F-4F60-A34E-7278F3975E3B}.Debug|Any CPU.Build.0 = Debug|Any CPU
		{8496760A-483F-4F60-A34E-7278F3975E3B}.Release|Any CPU.ActiveCfg = Release|Any CPU
		{8496760A-483F-4F60-A34E-7278F3975E3B}.Release|Any CPU.Build.0 = Release|Any CPU
		{976AB09A-BAB1-4E95-9BFD-90E67BAB8678}.Debug|Any CPU.ActiveCfg = Debug|Any CPU
		{976AB09A-BAB1-4E95-9BFD-90E67BAB8678}.Debug|Any CPU.Build.0 = Debug|Any CPU
		{976AB09A-BAB1-4E95-9BFD-90E67BAB8678}.Release|Any CPU.ActiveCfg = Release|Any CPU
		{976AB09A-BAB1-4E95-9BFD-90E67BAB8678}.Release|Any CPU.Build.0 = Release|Any CPU
		{378830C9-4657-44F6-A199-86BA4333689B}.Debug|Any CPU.ActiveCfg = Debug|Any CPU
		{378830C9-4657-44F6-A199-86BA4333689B}.Debug|Any CPU.Build.0 = Debug|Any CPU
		{378830C9-4657-44F6-A199-86BA4333689B}.Release|Any CPU.ActiveCfg = Release|Any CPU
		{378830C9-4657-44F6-A199-86BA4333689B}.Release|Any CPU.Build.0 = Release|Any CPU
		{BAC5CCB5-E719-4803-B3C6-B0C7E837A814}.Debug|Any CPU.ActiveCfg = Debug|Any CPU
		{BAC5CCB5-E719-4803-B3C6-B0C7E837A814}.Debug|Any CPU.Build.0 = Debug|Any CPU
		{BAC5CCB5-E719-4803-B3C6-B0C7E837A814}.Release|Any CPU.ActiveCfg = Release|Any CPU
		{BAC5CCB5-E719-4803-B3C6-B0C7E837A814}.Release|Any CPU.Build.0 = Release|Any CPU
		{13252870-5FD5-4AAB-B8A8-9ACAB6673654}.Debug|Any CPU.ActiveCfg = Debug|Any CPU
		{13252870-5FD5-4AAB-B8A8-9ACAB6673654}.Debug|Any CPU.Build.0 = Debug|Any CPU
		{13252870-5FD5-4AAB-B8A8-9ACAB6673654}.Release|Any CPU.ActiveCfg = Release|Any CPU
		{13252870-5FD5-4AAB-B8A8-9ACAB6673654}.Release|Any CPU.Build.0 = Release|Any CPU
		{9902CEDC-1CD6-485C-B37F-949B659910F3}.Debug|Any CPU.ActiveCfg = Debug|Any CPU
		{9902CEDC-1CD6-485C-B37F-949B659910F3}.Debug|Any CPU.Build.0 = Debug|Any CPU
		{9902CEDC-1CD6-485C-B37F-949B659910F3}.Release|Any CPU.ActiveCfg = Release|Any CPU
		{9902CEDC-1CD6-485C-B37F-949B659910F3}.Release|Any CPU.Build.0 = Release|Any CPU
		{39CBE71D-6FD1-4810-9759-BD100BA2ECA6}.Debug|Any CPU.ActiveCfg = Debug|Any CPU
		{39CBE71D-6FD1-4810-9759-BD100BA2ECA6}.Debug|Any CPU.Build.0 = Debug|Any CPU
		{39CBE71D-6FD1-4810-9759-BD100BA2ECA6}.Release|Any CPU.ActiveCfg = Release|Any CPU
		{39CBE71D-6FD1-4810-9759-BD100BA2ECA6}.Release|Any CPU.Build.0 = Release|Any CPU
		{D6A9D8E5-97A5-47E8-9A1B-DE85B1095E7E}.Debug|Any CPU.ActiveCfg = Debug|Any CPU
		{D6A9D8E5-97A5-47E8-9A1B-DE85B1095E7E}.Debug|Any CPU.Build.0 = Debug|Any CPU
		{D6A9D8E5-97A5-47E8-9A1B-DE85B1095E7E}.Release|Any CPU.ActiveCfg = Release|Any CPU
		{D6A9D8E5-97A5-47E8-9A1B-DE85B1095E7E}.Release|Any CPU.Build.0 = Release|Any CPU
		{4DB92203-74B3-4535-BEF4-23FE61171256}.Debug|Any CPU.ActiveCfg = Debug|Any CPU
		{4DB92203-74B3-4535-BEF4-23FE61171256}.Debug|Any CPU.Build.0 = Debug|Any CPU
		{4DB92203-74B3-4535-BEF4-23FE61171256}.Release|Any CPU.ActiveCfg = Release|Any CPU
		{4DB92203-74B3-4535-BEF4-23FE61171256}.Release|Any CPU.Build.0 = Release|Any CPU
	EndGlobalSection
	GlobalSection(SolutionProperties) = preSolution
		HideSolutionNode = FALSE
	EndGlobalSection
	GlobalSection(NestedProjects) = preSolution
		{E97A69CC-FC7C-4C3C-9B26-FA7D8EEF7DE7} = {0A3079FD-5893-422F-91AD-EF6CF81CB0F8}
		{8496760A-483F-4F60-A34E-7278F3975E3B} = {6D2D4254-9597-4F6B-94F2-94F9D0BB7952}
		{976AB09A-BAB1-4E95-9BFD-90E67BAB8678} = {EE1FA547-17A8-4553-98A3-1BAF3AA878BB}
		{378830C9-4657-44F6-A199-86BA4333689B} = {56963A82-3D2A-415C-9248-E078E1123AA5}
		{56963A82-3D2A-415C-9248-E078E1123AA5} = {0A3079FD-5893-422F-91AD-EF6CF81CB0F8}
		{BAC5CCB5-E719-4803-B3C6-B0C7E837A814} = {56963A82-3D2A-415C-9248-E078E1123AA5}
		{85E7C5CC-482A-4E86-BD33-C2F129B5D0EF} = {0A3079FD-5893-422F-91AD-EF6CF81CB0F8}
		{13252870-5FD5-4AAB-B8A8-9ACAB6673654} = {56963A82-3D2A-415C-9248-E078E1123AA5}
		{9902CEDC-1CD6-485C-B37F-949B659910F3} = {85E7C5CC-482A-4E86-BD33-C2F129B5D0EF}
		{39CBE71D-6FD1-4810-9759-BD100BA2ECA6} = {E97A69CC-FC7C-4C3C-9B26-FA7D8EEF7DE7}
		{D6A9D8E5-97A5-47E8-9A1B-DE85B1095E7E} = {85E7C5CC-482A-4E86-BD33-C2F129B5D0EF}
		{4DB92203-74B3-4535-BEF4-23FE61171256} = {85E7C5CC-482A-4E86-BD33-C2F129B5D0EF}
	EndGlobalSection
	GlobalSection(ExtensibilityGlobals) = postSolution
		SolutionGuid = {67EC54CA-3230-46DB-A00C-B1AF6BCCB2B3}
	EndGlobalSection
EndGlobal
