
Microsoft Visual Studio Solution File, Format Version 12.00
# Visual Studio Version 16
VisualStudioVersion = 16.0.31424.327
MinimumVisualStudioVersion = 10.0.40219.1
Project("{2150E333-8FDC-42A3-9474-1A3956D46DE8}") = "BFF", "BFF", "{6D2D4254-9597-4F6B-94F2-94F9D0BB7952}"
EndProject
Project("{2150E333-8FDC-42A3-9474-1A3956D46DE8}") = "Services", "Services", "{0A3079FD-5893-422F-91AD-EF6CF81CB0F8}"
EndProject
Project("{9A19103F-16F7-4668-BE54-9A1E7A4F7556}") = "WebApp", "BFF\WebApp\WebApp.csproj", "{7C9F47F8-22C0-45B9-9D3A-556F76156F81}"
EndProject
Project("{9A19103F-16F7-4668-BE54-9A1E7A4F7556}") = "UsuariosInternosService", "Services\UsuariosInternosService\UsuariosInternosService.csproj", "{08B5694E-03A1-47E5-9526-E97D29521652}"
EndProject
Project("{9A19103F-16F7-4668-BE54-9A1E7A4F7556}") = "UsuariosExternosService", "Services\UsuariosExternosService\UsuariosExternosService.csproj", "{C6B659C1-70B8-4653-92E7-0DAB29672AD8}"
EndProject
Project("{2150E333-8FDC-42A3-9474-1A3956D46DE8}") = "Core", "Core", "{1099BF1B-C3E3-4C1F-8E03-47E9560CB72B}"
EndProject
Project("{9A19103F-16F7-4668-BE54-9A1E7A4F7556}") = "SharedKernel", "Core\SharedKernel\SharedKernel.csproj", "{3A0756CF-2F15-43EF-82F3-AC665463C244}"
EndProject
Project("{2150E333-8FDC-42A3-9474-1A3956D46DE8}") = "Domain", "Domain", "{A5B0F17F-B091-4582-93B6-3FF62D6BA16E}"
EndProject
Project("{9A19103F-16F7-4668-BE54-9A1E7A4F7556}") = "UsuariosExternosDomain", "Domain\UsuariosExternosDomain\UsuariosExternosDomain.csproj", "{80C090A0-4F78-4B89-8DF0-8843A00617A7}"
EndProject
Project("{9A19103F-16F7-4668-BE54-9A1E7A4F7556}") = "UsuariosInternosDomain", "Domain\UsuariosInternosDomain\UsuariosInternosDomain.csproj", "{96927065-5CC2-41FB-BC9B-780FCDB7562C}"
EndProject
Project("{2150E333-8FDC-42A3-9474-1A3956D46DE8}") = "Infrastructure", "Infrastructure", "{65DD60B3-64E7-40D1-84A7-60EC1D960EFD}"
EndProject
Project("{9A19103F-16F7-4668-BE54-9A1E7A4F7556}") = "UsuariosInternosInfrastructure", "Infrastructure\UsuariosInternosInfrastructure\UsuariosInternosInfrastructure.csproj", "{9684E9BC-B9CE-49C7-8481-3C4DB2ED4BFD}"
EndProject
Project("{9A19103F-16F7-4668-BE54-9A1E7A4F7556}") = "UsuariosExternosInfrastructure", "Infrastructure\UsuariosExternosInfrastructure\UsuariosExternosInfrastructure.csproj", "{182322CA-429A-4948-B505-CB42D672DAB6}"
EndProject
Global
	GlobalSection(SolutionConfigurationPlatforms) = preSolution
		Debug|Any CPU = Debug|Any CPU
		Release|Any CPU = Release|Any CPU
	EndGlobalSection
	GlobalSection(ProjectConfigurationPlatforms) = postSolution
		{7C9F47F8-22C0-45B9-9D3A-556F76156F81}.Debug|Any CPU.ActiveCfg = Debug|Any CPU
		{7C9F47F8-22C0-45B9-9D3A-556F76156F81}.Debug|Any CPU.Build.0 = Debug|Any CPU
		{7C9F47F8-22C0-45B9-9D3A-556F76156F81}.Release|Any CPU.ActiveCfg = Release|Any CPU
		{7C9F47F8-22C0-45B9-9D3A-556F76156F81}.Release|Any CPU.Build.0 = Release|Any CPU
		{08B5694E-03A1-47E5-9526-E97D29521652}.Debug|Any CPU.ActiveCfg = Debug|Any CPU
		{08B5694E-03A1-47E5-9526-E97D29521652}.Debug|Any CPU.Build.0 = Debug|Any CPU
		{08B5694E-03A1-47E5-9526-E97D29521652}.Release|Any CPU.ActiveCfg = Release|Any CPU
		{08B5694E-03A1-47E5-9526-E97D29521652}.Release|Any CPU.Build.0 = Release|Any CPU
		{C6B659C1-70B8-4653-92E7-0DAB29672AD8}.Debug|Any CPU.ActiveCfg = Debug|Any CPU
		{C6B659C1-70B8-4653-92E7-0DAB29672AD8}.Debug|Any CPU.Build.0 = Debug|Any CPU
		{C6B659C1-70B8-4653-92E7-0DAB29672AD8}.Release|Any CPU.ActiveCfg = Release|Any CPU
		{C6B659C1-70B8-4653-92E7-0DAB29672AD8}.Release|Any CPU.Build.0 = Release|Any CPU
		{3A0756CF-2F15-43EF-82F3-AC665463C244}.Debug|Any CPU.ActiveCfg = Debug|Any CPU
		{3A0756CF-2F15-43EF-82F3-AC665463C244}.Debug|Any CPU.Build.0 = Debug|Any CPU
		{3A0756CF-2F15-43EF-82F3-AC665463C244}.Release|Any CPU.ActiveCfg = Release|Any CPU
		{3A0756CF-2F15-43EF-82F3-AC665463C244}.Release|Any CPU.Build.0 = Release|Any CPU
		{80C090A0-4F78-4B89-8DF0-8843A00617A7}.Debug|Any CPU.ActiveCfg = Debug|Any CPU
		{80C090A0-4F78-4B89-8DF0-8843A00617A7}.Debug|Any CPU.Build.0 = Debug|Any CPU
		{80C090A0-4F78-4B89-8DF0-8843A00617A7}.Release|Any CPU.ActiveCfg = Release|Any CPU
		{80C090A0-4F78-4B89-8DF0-8843A00617A7}.Release|Any CPU.Build.0 = Release|Any CPU
		{96927065-5CC2-41FB-BC9B-780FCDB7562C}.Debug|Any CPU.ActiveCfg = Debug|Any CPU
		{96927065-5CC2-41FB-BC9B-780FCDB7562C}.Debug|Any CPU.Build.0 = Debug|Any CPU
		{96927065-5CC2-41FB-BC9B-780FCDB7562C}.Release|Any CPU.ActiveCfg = Release|Any CPU
		{96927065-5CC2-41FB-BC9B-780FCDB7562C}.Release|Any CPU.Build.0 = Release|Any CPU
		{9684E9BC-B9CE-49C7-8481-3C4DB2ED4BFD}.Debug|Any CPU.ActiveCfg = Debug|Any CPU
		{9684E9BC-B9CE-49C7-8481-3C4DB2ED4BFD}.Debug|Any CPU.Build.0 = Debug|Any CPU
		{9684E9BC-B9CE-49C7-8481-3C4DB2ED4BFD}.Release|Any CPU.ActiveCfg = Release|Any CPU
		{9684E9BC-B9CE-49C7-8481-3C4DB2ED4BFD}.Release|Any CPU.Build.0 = Release|Any CPU
		{182322CA-429A-4948-B505-CB42D672DAB6}.Debug|Any CPU.ActiveCfg = Debug|Any CPU
		{182322CA-429A-4948-B505-CB42D672DAB6}.Debug|Any CPU.Build.0 = Debug|Any CPU
		{182322CA-429A-4948-B505-CB42D672DAB6}.Release|Any CPU.ActiveCfg = Release|Any CPU
		{182322CA-429A-4948-B505-CB42D672DAB6}.Release|Any CPU.Build.0 = Release|Any CPU
	EndGlobalSection
	GlobalSection(SolutionProperties) = preSolution
		HideSolutionNode = FALSE
	EndGlobalSection
	GlobalSection(NestedProjects) = preSolution
		{7C9F47F8-22C0-45B9-9D3A-556F76156F81} = {6D2D4254-9597-4F6B-94F2-94F9D0BB7952}
		{08B5694E-03A1-47E5-9526-E97D29521652} = {0A3079FD-5893-422F-91AD-EF6CF81CB0F8}
		{C6B659C1-70B8-4653-92E7-0DAB29672AD8} = {0A3079FD-5893-422F-91AD-EF6CF81CB0F8}
		{3A0756CF-2F15-43EF-82F3-AC665463C244} = {1099BF1B-C3E3-4C1F-8E03-47E9560CB72B}
		{80C090A0-4F78-4B89-8DF0-8843A00617A7} = {A5B0F17F-B091-4582-93B6-3FF62D6BA16E}
		{96927065-5CC2-41FB-BC9B-780FCDB7562C} = {A5B0F17F-B091-4582-93B6-3FF62D6BA16E}
		{9684E9BC-B9CE-49C7-8481-3C4DB2ED4BFD} = {65DD60B3-64E7-40D1-84A7-60EC1D960EFD}
		{182322CA-429A-4948-B505-CB42D672DAB6} = {65DD60B3-64E7-40D1-84A7-60EC1D960EFD}
	EndGlobalSection
	GlobalSection(ExtensibilityGlobals) = postSolution
		SolutionGuid = {67EC54CA-3230-46DB-A00C-B1AF6BCCB2B3}
	EndGlobalSection
EndGlobal
